{
  "name": "scripts",
  "version": "1.0.0",
  "lockfileVersion": 3,
  "requires": true,
  "packages": {
    "": {
      "name": "scripts",
      "version": "1.0.0",
      "license": "ISC",
      "dependencies": {
        "@gltf-transform/core": "^4.0.10",
        "@gltf-transform/extensions": "^4.0.10",
        "draco3dgltf": "^1.5.7",
        "gl-matrix": "^3.4.3"
      }
    },
    "node_modules/@gltf-transform/core": {
      "version": "4.0.10",
      "resolved": "https://registry.npmjs.org/@gltf-transform/core/-/core-4.0.10.tgz",
      "integrity": "sha512-d1nOk2iO4YtBHI8k2+oEIPxxLs8AmgPYxITc2DFYXGlb550RBicG3TrAOqzbHM6U5w0eYE+bgitsePt6ygWNxA==",
      "dependencies": {
        "property-graph": "^2.0.0"
      },
      "funding": {
        "url": "https://github.com/sponsors/donmccurdy"
      }
    },
    "node_modules/@gltf-transform/extensions": {
      "version": "4.0.10",
      "resolved": "https://registry.npmjs.org/@gltf-transform/extensions/-/extensions-4.0.10.tgz",
      "integrity": "sha512-Il0K5DH5UBAdHBFr8SEQ2H5x5e2BaHgSl74NyxTdsGYOKr9eAuJCMsmdvdf+5VrNIOOZJwr192ZtZa9ylbgPvg==",
      "dependencies": {
        "@gltf-transform/core": "^4.0.10",
        "ktx-parse": "^0.7.1"
      },
      "funding": {
        "url": "https://github.com/sponsors/donmccurdy"
      }
    },
    "node_modules/draco3dgltf": {
      "version": "1.5.7",
      "resolved": "https://registry.npmjs.org/draco3dgltf/-/draco3dgltf-1.5.7.tgz",
      "integrity": "sha512-LeqcpmoHIyYUi0z70/H3tMkGj8QhqVxq6FJGPjlzR24BNkQ6jyMheMvFKJBI0dzGZrEOUyQEmZ8axM1xRrbRiw=="
    },
    "node_modules/gl-matrix": {
      "version": "3.4.3",
      "resolved": "https://registry.npmjs.org/gl-matrix/-/gl-matrix-3.4.3.tgz",
      "integrity": "sha512-wcCp8vu8FT22BnvKVPjXa/ICBWRq/zjFfdofZy1WSpQZpphblv12/bOQLBC1rMM7SGOFS9ltVmKOHil5+Ml7gA=="
    },
    "node_modules/ktx-parse": {
      "version": "0.7.1",
      "resolved": "https://registry.npmjs.org/ktx-parse/-/ktx-parse-0.7.1.tgz",
      "integrity": "sha512-FeA3g56ksdFNwjXJJsc1CCc7co+AJYDp6ipIp878zZ2bU8kWROatLYf39TQEd4/XRSUvBXovQ8gaVKWPXsCLEQ=="
    },
    "node_modules/property-graph": {
      "version": "2.0.0",
      "resolved": "https://registry.npmjs.org/property-graph/-/property-graph-2.0.0.tgz",
      "integrity": "sha512-peDswWfLn7Lx+iPIxefhEUbLC7cs1KbfyKqOl5C5TF5F6urnyAORxzQ7JY21yjRzH7CpLa6+d1G+BemBr/lKyw=="
    }
  }
}
